
Microsoft Visual Studio Solution File, Format Version 12.00
# Visual Studio Version 17
VisualStudioVersion = 17.11.35431.28
MinimumVisualStudioVersion = 10.0.40219.1
Project("{FAE04EC0-301F-11D3-BF4B-00C04F79EFBC}") = "ScreenSound-04", "ScreenSound-04.csproj", "{BBE78375-8FF6-442E-8663-F4676F4198FF}"
EndProject
Global
	GlobalSection(SolutionConfigurationPlatforms) = preSolution
		Debug|Any CPU = Debug|Any CPU
		Release|Any CPU = Release|Any CPU
	EndGlobalSection
	GlobalSection(ProjectConfigurationPlatforms) = postSolution
		{BBE78375-8FF6-442E-8663-F4676F4198FF}.Debug|Any CPU.ActiveCfg = Debug|Any CPU
		{BBE78375-8FF6-442E-8663-F4676F4198FF}.Debug|Any CPU.Build.0 = Debug|Any CPU
		{BBE78375-8FF6-442E-8663-F4676F4198FF}.Release|Any CPU.ActiveCfg = Release|Any CPU
		{BBE78375-8FF6-442E-8663-F4676F4198FF}.Release|Any CPU.Build.0 = Release|Any CPU
	EndGlobalSection
	GlobalSection(SolutionProperties) = preSolution
		HideSolutionNode = FALSE
	EndGlobalSection
	GlobalSection(ExtensibilityGlobals) = postSolution
		SolutionGuid = {A1F5DB0F-444F-4722-BEE1-13E55F79BE6F}
	EndGlobalSection
EndGlobal
